// !$*UTF8*$!
{
	archiveVersion = 1;
	classes = {
	};
	objectVersion = 56;
	objects = {

/* Begin PBXBuildFile section */
		7DCF62BB2BE0D1980002FA79 /* AppDelegate.swift in Sources */ = {isa = PBXBuildFile; fileRef = 7DCF62BA2BE0D1980002FA79 /* AppDelegate.swift */; };
		7DCF62BD2BE0D1980002FA79 /* SceneDelegate.swift in Sources */ = {isa = PBXBuildFile; fileRef = 7DCF62BC2BE0D1980002FA79 /* SceneDelegate.swift */; };
		7DCF62C22BE0D1980002FA79 /* Base in Resources */ = {isa = PBXBuildFile; fileRef = 7DCF62C12BE0D1980002FA79 /* Base */; };
		7DCF62C42BE0D1990002FA79 /* Assets.xcassets in Resources */ = {isa = PBXBuildFile; fileRef = 7DCF62C32BE0D1990002FA79 /* Assets.xcassets */; };
		7DCF62C72BE0D1990002FA79 /* Base in Resources */ = {isa = PBXBuildFile; fileRef = 7DCF62C62BE0D1990002FA79 /* Base */; };
		7DCF62D42BE0E5D30002FA79 /* Tab1FirstViewController.swift in Sources */ = {isa = PBXBuildFile; fileRef = 7DCF62D32BE0E5D30002FA79 /* Tab1FirstViewController.swift */; };
		7DCF62D62BE0E64F0002FA79 /* Tab2FirstViewController.swift in Sources */ = {isa = PBXBuildFile; fileRef = 7DCF62D52BE0E64F0002FA79 /* Tab2FirstViewController.swift */; };
		7DCF62D82BE0E68D0002FA79 /* Tab2SecondViewController.swift in Sources */ = {isa = PBXBuildFile; fileRef = 7DCF62D72BE0E68D0002FA79 /* Tab2SecondViewController.swift */; };
		7DCF62DA2BE0E6ED0002FA79 /* Tab3FirstViewController.swift in Sources */ = {isa = PBXBuildFile; fileRef = 7DCF62D92BE0E6ED0002FA79 /* Tab3FirstViewController.swift */; };
		7DCF62DC2BE0E7260002FA79 /* Tab3SecondViewController.swift in Sources */ = {isa = PBXBuildFile; fileRef = 7DCF62DB2BE0E7260002FA79 /* Tab3SecondViewController.swift */; };
		7DCF62DE2BE0E7750002FA79 /* Tab3ThirdViewController.swift in Sources */ = {isa = PBXBuildFile; fileRef = 7DCF62DD2BE0E7750002FA79 /* Tab3ThirdViewController.swift */; };
		7DCF62E02BE0E7C10002FA79 /* Tab3FourthViewController.swift in Sources */ = {isa = PBXBuildFile; fileRef = 7DCF62DF2BE0E7C10002FA79 /* Tab3FourthViewController.swift */; };
		7DCF62E22BE0E8080002FA79 /* Tab3FifthViewController.swift in Sources */ = {isa = PBXBuildFile; fileRef = 7DCF62E12BE0E8080002FA79 /* Tab3FifthViewController.swift */; };
		7DCF62E42BE0E8490002FA79 /* Tab4FirstViewController.swift in Sources */ = {isa = PBXBuildFile; fileRef = 7DCF62E32BE0E8490002FA79 /* Tab4FirstViewController.swift */; };
		7DCF62E62BE0E8780002FA79 /* Tab4SecondViewController.swift in Sources */ = {isa = PBXBuildFile; fileRef = 7DCF62E52BE0E8770002FA79 /* Tab4SecondViewController.swift */; };
		7DCF62E82BE0E8A50002FA79 /* Tab4ThirdViewController.swift in Sources */ = {isa = PBXBuildFile; fileRef = 7DCF62E72BE0E8A50002FA79 /* Tab4ThirdViewController.swift */; };
		7DCF62EA2BE0E8D60002FA79 /* Tab4FourthViewController.swift in Sources */ = {isa = PBXBuildFile; fileRef = 7DCF62E92BE0E8D60002FA79 /* Tab4FourthViewController.swift */; };
		7DCF62EC2BE0E90D0002FA79 /* Tab4FifthViewController.swift in Sources */ = {isa = PBXBuildFile; fileRef = 7DCF62EB2BE0E90D0002FA79 /* Tab4FifthViewController.swift */; };
		7DCF62EE2BE0F00B0002FA79 /* TabBarController.swift in Sources */ = {isa = PBXBuildFile; fileRef = 7DCF62ED2BE0F00B0002FA79 /* TabBarController.swift */; };
		7DCF62F12BE22CF30002FA79 /* UsernameContainer.swift in Sources */ = {isa = PBXBuildFile; fileRef = 7DCF62F02BE22CF30002FA79 /* UsernameContainer.swift */; };
		7DCF62F42BE22F420002FA79 /* Tab3FirstViewController+Extension.swift in Sources */ = {isa = PBXBuildFile; fileRef = 7DCF62F32BE22F420002FA79 /* Tab3FirstViewController+Extension.swift */; };
		7DCF62F62BE22F8D0002FA79 /* Tab3SecondViewController+Extension.swift in Sources */ = {isa = PBXBuildFile; fileRef = 7DCF62F52BE22F8D0002FA79 /* Tab3SecondViewController+Extension.swift */; };
		7DCF62F82BE22FDB0002FA79 /* Tab3ThirdViewController+Extension.swift in Sources */ = {isa = PBXBuildFile; fileRef = 7DCF62F72BE22FDB0002FA79 /* Tab3ThirdViewController+Extension.swift */; };
		7DCF62FA2BE230130002FA79 /* Tab3FourthViewController+Extension.swift in Sources */ = {isa = PBXBuildFile; fileRef = 7DCF62F92BE230130002FA79 /* Tab3FourthViewController+Extension.swift */; };
/* End PBXBuildFile section */

/* Begin PBXFileReference section */
		7DCF62B72BE0D1980002FA79 /* HWL9.app */ = {isa = PBXFileReference; explicitFileType = wrapper.application; includeInIndex = 0; path = HWL9.app; sourceTree = BUILT_PRODUCTS_DIR; };
		7DCF62BA2BE0D1980002FA79 /* AppDelegate.swift */ = {isa = PBXFileReference; lastKnownFileType = sourcecode.swift; path = AppDelegate.swift; sourceTree = "<group>"; };
		7DCF62BC2BE0D1980002FA79 /* SceneDelegate.swift */ = {isa = PBXFileReference; lastKnownFileType = sourcecode.swift; path = SceneDelegate.swift; sourceTree = "<group>"; };
		7DCF62C12BE0D1980002FA79 /* Base */ = {isa = PBXFileReference; lastKnownFileType = file.storyboard; name = Base; path = Base.lproj/Main.storyboard; sourceTree = "<group>"; };
		7DCF62C32BE0D1990002FA79 /* Assets.xcassets */ = {isa = PBXFileReference; lastKnownFileType = folder.assetcatalog; path = Assets.xcassets; sourceTree = "<group>"; };
		7DCF62C62BE0D1990002FA79 /* Base */ = {isa = PBXFileReference; lastKnownFileType = file.storyboard; name = Base; path = Base.lproj/LaunchScreen.storyboard; sourceTree = "<group>"; };
		7DCF62C82BE0D1990002FA79 /* Info.plist */ = {isa = PBXFileReference; lastKnownFileType = text.plist.xml; path = Info.plist; sourceTree = "<group>"; };
		7DCF62D32BE0E5D30002FA79 /* Tab1FirstViewController.swift */ = {isa = PBXFileReference; lastKnownFileType = sourcecode.swift; path = Tab1FirstViewController.swift; sourceTree = "<group>"; };
		7DCF62D52BE0E64F0002FA79 /* Tab2FirstViewController.swift */ = {isa = PBXFileReference; lastKnownFileType = sourcecode.swift; path = Tab2FirstViewController.swift; sourceTree = "<group>"; };
		7DCF62D72BE0E68D0002FA79 /* Tab2SecondViewController.swift */ = {isa = PBXFileReference; lastKnownFileType = sourcecode.swift; path = Tab2SecondViewController.swift; sourceTree = "<group>"; };
		7DCF62D92BE0E6ED0002FA79 /* Tab3FirstViewController.swift */ = {isa = PBXFileReference; lastKnownFileType = sourcecode.swift; path = Tab3FirstViewController.swift; sourceTree = "<group>"; };
		7DCF62DB2BE0E7260002FA79 /* Tab3SecondViewController.swift */ = {isa = PBXFileReference; lastKnownFileType = sourcecode.swift; path = Tab3SecondViewController.swift; sourceTree = "<group>"; };
		7DCF62DD2BE0E7750002FA79 /* Tab3ThirdViewController.swift */ = {isa = PBXFileReference; lastKnownFileType = sourcecode.swift; path = Tab3ThirdViewController.swift; sourceTree = "<group>"; };
		7DCF62DF2BE0E7C10002FA79 /* Tab3FourthViewController.swift */ = {isa = PBXFileReference; lastKnownFileType = sourcecode.swift; path = Tab3FourthViewController.swift; sourceTree = "<group>"; };
		7DCF62E12BE0E8080002FA79 /* Tab3FifthViewController.swift */ = {isa = PBXFileReference; lastKnownFileType = sourcecode.swift; path = Tab3FifthViewController.swift; sourceTree = "<group>"; };
		7DCF62E32BE0E8490002FA79 /* Tab4FirstViewController.swift */ = {isa = PBXFileReference; lastKnownFileType = sourcecode.swift; path = Tab4FirstViewController.swift; sourceTree = "<group>"; };
		7DCF62E52BE0E8770002FA79 /* Tab4SecondViewController.swift */ = {isa = PBXFileReference; lastKnownFileType = sourcecode.swift; path = Tab4SecondViewController.swift; sourceTree = "<group>"; };
		7DCF62E72BE0E8A50002FA79 /* Tab4ThirdViewController.swift */ = {isa = PBXFileReference; lastKnownFileType = sourcecode.swift; path = Tab4ThirdViewController.swift; sourceTree = "<group>"; };
		7DCF62E92BE0E8D60002FA79 /* Tab4FourthViewController.swift */ = {isa = PBXFileReference; lastKnownFileType = sourcecode.swift; path = Tab4FourthViewController.swift; sourceTree = "<group>"; };
		7DCF62EB2BE0E90D0002FA79 /* Tab4FifthViewController.swift */ = {isa = PBXFileReference; lastKnownFileType = sourcecode.swift; path = Tab4FifthViewController.swift; sourceTree = "<group>"; };
		7DCF62ED2BE0F00B0002FA79 /* TabBarController.swift */ = {isa = PBXFileReference; lastKnownFileType = sourcecode.swift; path = TabBarController.swift; sourceTree = "<group>"; };
		7DCF62F02BE22CF30002FA79 /* UsernameContainer.swift */ = {isa = PBXFileReference; lastKnownFileType = sourcecode.swift; path = UsernameContainer.swift; sourceTree = "<group>"; };
		7DCF62F32BE22F420002FA79 /* Tab3FirstViewController+Extension.swift */ = {isa = PBXFileReference; lastKnownFileType = sourcecode.swift; path = "Tab3FirstViewController+Extension.swift"; sourceTree = "<group>"; };
		7DCF62F52BE22F8D0002FA79 /* Tab3SecondViewController+Extension.swift */ = {isa = PBXFileReference; lastKnownFileType = sourcecode.swift; path = "Tab3SecondViewController+Extension.swift"; sourceTree = "<group>"; };
		7DCF62F72BE22FDB0002FA79 /* Tab3ThirdViewController+Extension.swift */ = {isa = PBXFileReference; lastKnownFileType = sourcecode.swift; path = "Tab3ThirdViewController+Extension.swift"; sourceTree = "<group>"; };
		7DCF62F92BE230130002FA79 /* Tab3FourthViewController+Extension.swift */ = {isa = PBXFileReference; lastKnownFileType = sourcecode.swift; path = "Tab3FourthViewController+Extension.swift"; sourceTree = "<group>"; };
/* End PBXFileReference section */

/* Begin PBXFrameworksBuildPhase section */
		7DCF62B42BE0D1980002FA79 /* Frameworks */ = {
			isa = PBXFrameworksBuildPhase;
			buildActionMask = 2147483647;
			files = (
			);
			runOnlyForDeploymentPostprocessing = 0;
		};
/* End PBXFrameworksBuildPhase section */

/* Begin PBXGroup section */
		7DCF62AE2BE0D1980002FA79 = {
			isa = PBXGroup;
			children = (
				7DCF62B92BE0D1980002FA79 /* HWL9 */,
				7DCF62B82BE0D1980002FA79 /* Products */,
			);
			sourceTree = "<group>";
		};
		7DCF62B82BE0D1980002FA79 /* Products */ = {
			isa = PBXGroup;
			children = (
				7DCF62B72BE0D1980002FA79 /* HWL9.app */,
			);
			name = Products;
			sourceTree = "<group>";
		};
		7DCF62B92BE0D1980002FA79 /* HWL9 */ = {
			isa = PBXGroup;
			children = (
				7DCF62F22BE22EF90002FA79 /* Extensions */,
				7DCF62EF2BE22CDC0002FA79 /* Classes */,
				7DCF62CE2BE0E5590002FA79 /* VC */,
				7DCF62BA2BE0D1980002FA79 /* AppDelegate.swift */,
				7DCF62BC2BE0D1980002FA79 /* SceneDelegate.swift */,
				7DCF62C02BE0D1980002FA79 /* Main.storyboard */,
				7DCF62C32BE0D1990002FA79 /* Assets.xcassets */,
				7DCF62C52BE0D1990002FA79 /* LaunchScreen.storyboard */,
				7DCF62C82BE0D1990002FA79 /* Info.plist */,
			);
			path = HWL9;
			sourceTree = "<group>";
		};
		7DCF62CE2BE0E5590002FA79 /* VC */ = {
			isa = PBXGroup;
			children = (
				7DCF62CF2BE0E5660002FA79 /* Tab1 */,
				7DCF62D02BE0E57E0002FA79 /* Tab2 */,
				7DCF62D12BE0E58E0002FA79 /* Tab3 */,
				7DCF62D22BE0E5970002FA79 /* Tab4 */,
				7DCF62ED2BE0F00B0002FA79 /* TabBarController.swift */,
			);
			path = VC;
			sourceTree = "<group>";
		};
		7DCF62CF2BE0E5660002FA79 /* Tab1 */ = {
			isa = PBXGroup;
			children = (
				7DCF62D32BE0E5D30002FA79 /* Tab1FirstViewController.swift */,
			);
			path = Tab1;
			sourceTree = "<group>";
		};
		7DCF62D02BE0E57E0002FA79 /* Tab2 */ = {
			isa = PBXGroup;
			children = (
				7DCF62D52BE0E64F0002FA79 /* Tab2FirstViewController.swift */,
				7DCF62D72BE0E68D0002FA79 /* Tab2SecondViewController.swift */,
			);
			path = Tab2;
			sourceTree = "<group>";
		};
		7DCF62D12BE0E58E0002FA79 /* Tab3 */ = {
			isa = PBXGroup;
			children = (
				7DCF62D92BE0E6ED0002FA79 /* Tab3FirstViewController.swift */,
				7DCF62DB2BE0E7260002FA79 /* Tab3SecondViewController.swift */,
				7DCF62DD2BE0E7750002FA79 /* Tab3ThirdViewController.swift */,
				7DCF62DF2BE0E7C10002FA79 /* Tab3FourthViewController.swift */,
				7DCF62E12BE0E8080002FA79 /* Tab3FifthViewController.swift */,
			);
			path = Tab3;
			sourceTree = "<group>";
		};
		7DCF62D22BE0E5970002FA79 /* Tab4 */ = {
			isa = PBXGroup;
			children = (
				7DCF62E32BE0E8490002FA79 /* Tab4FirstViewController.swift */,
				7DCF62E52BE0E8770002FA79 /* Tab4SecondViewController.swift */,
				7DCF62E72BE0E8A50002FA79 /* Tab4ThirdViewController.swift */,
				7DCF62E92BE0E8D60002FA79 /* Tab4FourthViewController.swift */,
				7DCF62EB2BE0E90D0002FA79 /* Tab4FifthViewController.swift */,
			);
			path = Tab4;
			sourceTree = "<group>";
		};
		7DCF62EF2BE22CDC0002FA79 /* Classes */ = {
			isa = PBXGroup;
			children = (
				7DCF62F02BE22CF30002FA79 /* UsernameContainer.swift */,
			);
			path = Classes;
			sourceTree = "<group>";
		};
		7DCF62F22BE22EF90002FA79 /* Extensions */ = {
			isa = PBXGroup;
			children = (
				7DCF62F32BE22F420002FA79 /* Tab3FirstViewController+Extension.swift */,
				7DCF62F52BE22F8D0002FA79 /* Tab3SecondViewController+Extension.swift */,
				7DCF62F72BE22FDB0002FA79 /* Tab3ThirdViewController+Extension.swift */,
				7DCF62F92BE230130002FA79 /* Tab3FourthViewController+Extension.swift */,
			);
			path = Extensions;
			sourceTree = "<group>";
		};
/* End PBXGroup section */

/* Begin PBXNativeTarget section */
		7DCF62B62BE0D1980002FA79 /* HWL9 */ = {
			isa = PBXNativeTarget;
			buildConfigurationList = 7DCF62CB2BE0D1990002FA79 /* Build configuration list for PBXNativeTarget "HWL9" */;
			buildPhases = (
				7DCF62B32BE0D1980002FA79 /* Sources */,
				7DCF62B42BE0D1980002FA79 /* Frameworks */,
				7DCF62B52BE0D1980002FA79 /* Resources */,
			);
			buildRules = (
			);
			dependencies = (
			);
			name = HWL9;
			productName = HWL9;
			productReference = 7DCF62B72BE0D1980002FA79 /* HWL9.app */;
			productType = "com.apple.product-type.application";
		};
/* End PBXNativeTarget section */

/* Begin PBXProject section */
		7DCF62AF2BE0D1980002FA79 /* Project object */ = {
			isa = PBXProject;
			attributes = {
				BuildIndependentTargetsInParallel = 1;
				LastSwiftUpdateCheck = 1530;
				LastUpgradeCheck = 1530;
				TargetAttributes = {
					7DCF62B62BE0D1980002FA79 = {
						CreatedOnToolsVersion = 15.3;
					};
				};
			};
			buildConfigurationList = 7DCF62B22BE0D1980002FA79 /* Build configuration list for PBXProject "HWL9" */;
			compatibilityVersion = "Xcode 14.0";
			developmentRegion = en;
			hasScannedForEncodings = 0;
			knownRegions = (
				en,
				Base,
			);
			mainGroup = 7DCF62AE2BE0D1980002FA79;
			productRefGroup = 7DCF62B82BE0D1980002FA79 /* Products */;
			projectDirPath = "";
			projectRoot = "";
			targets = (
				7DCF62B62BE0D1980002FA79 /* HWL9 */,
			);
		};
/* End PBXProject section */

/* Begin PBXResourcesBuildPhase section */
		7DCF62B52BE0D1980002FA79 /* Resources */ = {
			isa = PBXResourcesBuildPhase;
			buildActionMask = 2147483647;
			files = (
				7DCF62C42BE0D1990002FA79 /* Assets.xcassets in Resources */,
				7DCF62C72BE0D1990002FA79 /* Base in Resources */,
				7DCF62C22BE0D1980002FA79 /* Base in Resources */,
			);
			runOnlyForDeploymentPostprocessing = 0;
		};
/* End PBXResourcesBuildPhase section */

/* Begin PBXSourcesBuildPhase section */
		7DCF62B32BE0D1980002FA79 /* Sources */ = {
			isa = PBXSourcesBuildPhase;
			buildActionMask = 2147483647;
			files = (
				7DCF62DE2BE0E7750002FA79 /* Tab3ThirdViewController.swift in Sources */,
				7DCF62EE2BE0F00B0002FA79 /* TabBarController.swift in Sources */,
				7DCF62D82BE0E68D0002FA79 /* Tab2SecondViewController.swift in Sources */,
				7DCF62EC2BE0E90D0002FA79 /* Tab4FifthViewController.swift in Sources */,
				7DCF62F12BE22CF30002FA79 /* UsernameContainer.swift in Sources */,
				7DCF62E82BE0E8A50002FA79 /* Tab4ThirdViewController.swift in Sources */,
				7DCF62EA2BE0E8D60002FA79 /* Tab4FourthViewController.swift in Sources */,
				7DCF62E62BE0E8780002FA79 /* Tab4SecondViewController.swift in Sources */,
				7DCF62BB2BE0D1980002FA79 /* AppDelegate.swift in Sources */,
				7DCF62F42BE22F420002FA79 /* Tab3FirstViewController+Extension.swift in Sources */,
				7DCF62F82BE22FDB0002FA79 /* Tab3ThirdViewController+Extension.swift in Sources */,
				7DCF62DA2BE0E6ED0002FA79 /* Tab3FirstViewController.swift in Sources */,
				7DCF62BD2BE0D1980002FA79 /* SceneDelegate.swift in Sources */,
				7DCF62E42BE0E8490002FA79 /* Tab4FirstViewController.swift in Sources */,
				7DCF62D42BE0E5D30002FA79 /* Tab1FirstViewController.swift in Sources */,
				7DCF62DC2BE0E7260002FA79 /* Tab3SecondViewController.swift in Sources */,
				7DCF62FA2BE230130002FA79 /* Tab3FourthViewController+Extension.swift in Sources */,
				7DCF62F62BE22F8D0002FA79 /* Tab3SecondViewController+Extension.swift in Sources */,
				7DCF62E02BE0E7C10002FA79 /* Tab3FourthViewController.swift in Sources */,
				7DCF62E22BE0E8080002FA79 /* Tab3FifthViewController.swift in Sources */,
				7DCF62D62BE0E64F0002FA79 /* Tab2FirstViewController.swift in Sources */,
			);
			runOnlyForDeploymentPostprocessing = 0;
		};
/* End PBXSourcesBuildPhase section */

/* Begin PBXVariantGroup section */
		7DCF62C02BE0D1980002FA79 /* Main.storyboard */ = {
			isa = PBXVariantGroup;
			children = (
				7DCF62C12BE0D1980002FA79 /* Base */,
			);
			name = Main.storyboard;
			sourceTree = "<group>";
		};
		7DCF62C52BE0D1990002FA79 /* LaunchScreen.storyboard */ = {
			isa = PBXVariantGroup;
			children = (
				7DCF62C62BE0D1990002FA79 /* Base */,
			);
			name = LaunchScreen.storyboard;
			sourceTree = "<group>";
		};
/* End PBXVariantGroup section */

/* Begin XCBuildConfiguration section */
		7DCF62C92BE0D1990002FA79 /* Debug */ = {
			isa = XCBuildConfiguration;
			buildSettings = {
				ALWAYS_SEARCH_USER_PATHS = NO;
				ASSETCATALOG_COMPILER_GENERATE_SWIFT_ASSET_SYMBOL_EXTENSIONS = YES;
				CLANG_ANALYZER_NONNULL = YES;
				CLANG_ANALYZER_NUMBER_OBJECT_CONVERSION = YES_AGGRESSIVE;
				CLANG_CXX_LANGUAGE_STANDARD = "gnu++20";
				CLANG_ENABLE_MODULES = YES;
				CLANG_ENABLE_OBJC_ARC = YES;
				CLANG_ENABLE_OBJC_WEAK = YES;
				CLANG_WARN_BLOCK_CAPTURE_AUTORELEASING = YES;
				CLANG_WARN_BOOL_CONVERSION = YES;
				CLANG_WARN_COMMA = YES;
				CLANG_WARN_CONSTANT_CONVERSION = YES;
				CLANG_WARN_DEPRECATED_OBJC_IMPLEMENTATIONS = YES;
				CLANG_WARN_DIRECT_OBJC_ISA_USAGE = YES_ERROR;
				CLANG_WARN_DOCUMENTATION_COMMENTS = YES;
				CLANG_WARN_EMPTY_BODY = YES;
				CLANG_WARN_ENUM_CONVERSION = YES;
				CLANG_WARN_INFINITE_RECURSION = YES;
				CLANG_WARN_INT_CONVERSION = YES;
				CLANG_WARN_NON_LITERAL_NULL_CONVERSION = YES;
				CLANG_WARN_OBJC_IMPLICIT_RETAIN_SELF = YES;
				CLANG_WARN_OBJC_LITERAL_CONVERSION = YES;
				CLANG_WARN_OBJC_ROOT_CLASS = YES_ERROR;
				CLANG_WARN_QUOTED_INCLUDE_IN_FRAMEWORK_HEADER = YES;
				CLANG_WARN_RANGE_LOOP_ANALYSIS = YES;
				CLANG_WARN_STRICT_PROTOTYPES = YES;
				CLANG_WARN_SUSPICIOUS_MOVE = YES;
				CLANG_WARN_UNGUARDED_AVAILABILITY = YES_AGGRESSIVE;
				CLANG_WARN_UNREACHABLE_CODE = YES;
				CLANG_WARN__DUPLICATE_METHOD_MATCH = YES;
				COPY_PHASE_STRIP = NO;
				DEBUG_INFORMATION_FORMAT = dwarf;
				ENABLE_STRICT_OBJC_MSGSEND = YES;
				ENABLE_TESTABILITY = YES;
				ENABLE_USER_SCRIPT_SANDBOXING = YES;
				GCC_C_LANGUAGE_STANDARD = gnu17;
				GCC_DYNAMIC_NO_PIC = NO;
				GCC_NO_COMMON_BLOCKS = YES;
				GCC_OPTIMIZATION_LEVEL = 0;
				GCC_PREPROCESSOR_DEFINITIONS = (
					"DEBUG=1",
					"$(inherited)",
				);
				GCC_WARN_64_TO_32_BIT_CONVERSION = YES;
				GCC_WARN_ABOUT_RETURN_TYPE = YES_ERROR;
				GCC_WARN_UNDECLARED_SELECTOR = YES;
				GCC_WARN_UNINITIALIZED_AUTOS = YES_AGGRESSIVE;
				GCC_WARN_UNUSED_FUNCTION = YES;
				GCC_WARN_UNUSED_VARIABLE = YES;
				IPHONEOS_DEPLOYMENT_TARGET = 17.4;
				LOCALIZATION_PREFERS_STRING_CATALOGS = YES;
				MTL_ENABLE_DEBUG_INFO = INCLUDE_SOURCE;
				MTL_FAST_MATH = YES;
				ONLY_ACTIVE_ARCH = YES;
				SDKROOT = iphoneos;
				SWIFT_ACTIVE_COMPILATION_CONDITIONS = "DEBUG $(inherited)";
				SWIFT_OPTIMIZATION_LEVEL = "-Onone";
			};
			name = Debug;
		};
		7DCF62CA2BE0D1990002FA79 /* Release */ = {
			isa = XCBuildConfiguration;
			buildSettings = {
				ALWAYS_SEARCH_USER_PATHS = NO;
				ASSETCATALOG_COMPILER_GENERATE_SWIFT_ASSET_SYMBOL_EXTENSIONS = YES;
				CLANG_ANALYZER_NONNULL = YES;
				CLANG_ANALYZER_NUMBER_OBJECT_CONVERSION = YES_AGGRESSIVE;
				CLANG_CXX_LANGUAGE_STANDARD = "gnu++20";
				CLANG_ENABLE_MODULES = YES;
				CLANG_ENABLE_OBJC_ARC = YES;
				CLANG_ENABLE_OBJC_WEAK = YES;
				CLANG_WARN_BLOCK_CAPTURE_AUTORELEASING = YES;
				CLANG_WARN_BOOL_CONVERSION = YES;
				CLANG_WARN_COMMA = YES;
				CLANG_WARN_CONSTANT_CONVERSION = YES;
				CLANG_WARN_DEPRECATED_OBJC_IMPLEMENTATIONS = YES;
				CLANG_WARN_DIRECT_OBJC_ISA_USAGE = YES_ERROR;
				CLANG_WARN_DOCUMENTATION_COMMENTS = YES;
				CLANG_WARN_EMPTY_BODY = YES;
				CLANG_WARN_ENUM_CONVERSION = YES;
				CLANG_WARN_INFINITE_RECURSION = YES;
				CLANG_WARN_INT_CONVERSION = YES;
				CLANG_WARN_NON_LITERAL_NULL_CONVERSION = YES;
				CLANG_WARN_OBJC_IMPLICIT_RETAIN_SELF = YES;
				CLANG_WARN_OBJC_LITERAL_CONVERSION = YES;
				CLANG_WARN_OBJC_ROOT_CLASS = YES_ERROR;
				CLANG_WARN_QUOTED_INCLUDE_IN_FRAMEWORK_HEADER = YES;
				CLANG_WARN_RANGE_LOOP_ANALYSIS = YES;
				CLANG_WARN_STRICT_PROTOTYPES = YES;
				CLANG_WARN_SUSPICIOUS_MOVE = YES;
				CLANG_WARN_UNGUARDED_AVAILABILITY = YES_AGGRESSIVE;
				CLANG_WARN_UNREACHABLE_CODE = YES;
				CLANG_WARN__DUPLICATE_METHOD_MATCH = YES;
				COPY_PHASE_STRIP = NO;
				DEBUG_INFORMATION_FORMAT = "dwarf-with-dsym";
				ENABLE_NS_ASSERTIONS = NO;
				ENABLE_STRICT_OBJC_MSGSEND = YES;
				ENABLE_USER_SCRIPT_SANDBOXING = YES;
				GCC_C_LANGUAGE_STANDARD = gnu17;
				GCC_NO_COMMON_BLOCKS = YES;
				GCC_WARN_64_TO_32_BIT_CONVERSION = YES;
				GCC_WARN_ABOUT_RETURN_TYPE = YES_ERROR;
				GCC_WARN_UNDECLARED_SELECTOR = YES;
				GCC_WARN_UNINITIALIZED_AUTOS = YES_AGGRESSIVE;
				GCC_WARN_UNUSED_FUNCTION = YES;
				GCC_WARN_UNUSED_VARIABLE = YES;
				IPHONEOS_DEPLOYMENT_TARGET = 17.4;
				LOCALIZATION_PREFERS_STRING_CATALOGS = YES;
				MTL_ENABLE_DEBUG_INFO = NO;
				MTL_FAST_MATH = YES;
				SDKROOT = iphoneos;
				SWIFT_COMPILATION_MODE = wholemodule;
				VALIDATE_PRODUCT = YES;
			};
			name = Release;
		};
		7DCF62CC2BE0D1990002FA79 /* Debug */ = {
			isa = XCBuildConfiguration;
			buildSettings = {
				ASSETCATALOG_COMPILER_APPICON_NAME = AppIcon;
				ASSETCATALOG_COMPILER_GLOBAL_ACCENT_COLOR_NAME = AccentColor;
				CODE_SIGN_STYLE = Automatic;
				CURRENT_PROJECT_VERSION = 1;
				DEVELOPMENT_TEAM = AUAKJXTBSN;
				GENERATE_INFOPLIST_FILE = YES;
				INFOPLIST_FILE = HWL9/Info.plist;
				INFOPLIST_KEY_UIApplicationSupportsIndirectInputEvents = YES;
				INFOPLIST_KEY_UILaunchStoryboardName = LaunchScreen;
				INFOPLIST_KEY_UIMainStoryboardFile = Main;
				INFOPLIST_KEY_UISupportedInterfaceOrientations_iPad = "UIInterfaceOrientationPortrait UIInterfaceOrientationPortraitUpsideDown UIInterfaceOrientationLandscapeLeft UIInterfaceOrientationLandscapeRight";
				INFOPLIST_KEY_UISupportedInterfaceOrientations_iPhone = "UIInterfaceOrientationPortrait UIInterfaceOrientationLandscapeLeft UIInterfaceOrientationLandscapeRight";
				LD_RUNPATH_SEARCH_PATHS = (
					"$(inherited)",
					"@executable_path/Frameworks",
				);
				MARKETING_VERSION = 1.0;
				PRODUCT_BUNDLE_IDENTIFIER = i.HWL9;
				PRODUCT_NAME = "$(TARGET_NAME)";
				SWIFT_EMIT_LOC_STRINGS = YES;
				SWIFT_VERSION = 5.0;
				TARGETED_DEVICE_FAMILY = "1,2";
			};
			name = Debug;
		};
		7DCF62CD2BE0D1990002FA79 /* Release */ = {
			isa = XCBuildConfiguration;
			buildSettings = {
				ASSETCATALOG_COMPILER_APPICON_NAME = AppIcon;
				ASSETCATALOG_COMPILER_GLOBAL_ACCENT_COLOR_NAME = AccentColor;
				CODE_SIGN_STYLE = Automatic;
				CURRENT_PROJECT_VERSION = 1;
				DEVELOPMENT_TEAM = AUAKJXTBSN;
				GENERATE_INFOPLIST_FILE = YES;
				INFOPLIST_FILE = HWL9/Info.plist;
				INFOPLIST_KEY_UIApplicationSupportsIndirectInputEvents = YES;
				INFOPLIST_KEY_UILaunchStoryboardName = LaunchScreen;
				INFOPLIST_KEY_UIMainStoryboardFile = Main;
				INFOPLIST_KEY_UISupportedInterfaceOrientations_iPad = "UIInterfaceOrientationPortrait UIInterfaceOrientationPortraitUpsideDown UIInterfaceOrientationLandscapeLeft UIInterfaceOrientationLandscapeRight";
				INFOPLIST_KEY_UISupportedInterfaceOrientations_iPhone = "UIInterfaceOrientationPortrait UIInterfaceOrientationLandscapeLeft UIInterfaceOrientationLandscapeRight";
				LD_RUNPATH_SEARCH_PATHS = (
					"$(inherited)",
					"@executable_path/Frameworks",
				);
				MARKETING_VERSION = 1.0;
				PRODUCT_BUNDLE_IDENTIFIER = i.HWL9;
				PRODUCT_NAME = "$(TARGET_NAME)";
				SWIFT_EMIT_LOC_STRINGS = YES;
				SWIFT_VERSION = 5.0;
				TARGETED_DEVICE_FAMILY = "1,2";
			};
			name = Release;
		};
/* End XCBuildConfiguration section */

/* Begin XCConfigurationList section */
		7DCF62B22BE0D1980002FA79 /* Build configuration list for PBXProject "HWL9" */ = {
			isa = XCConfigurationList;
			buildConfigurations = (
				7DCF62C92BE0D1990002FA79 /* Debug */,
				7DCF62CA2BE0D1990002FA79 /* Release */,
			);
			defaultConfigurationIsVisible = 0;
			defaultConfigurationName = Release;
		};
		7DCF62CB2BE0D1990002FA79 /* Build configuration list for PBXNativeTarget "HWL9" */ = {
			isa = XCConfigurationList;
			buildConfigurations = (
				7DCF62CC2BE0D1990002FA79 /* Debug */,
				7DCF62CD2BE0D1990002FA79 /* Release */,
			);
			defaultConfigurationIsVisible = 0;
			defaultConfigurationName = Release;
		};
/* End XCConfigurationList section */
	};
	rootObject = 7DCF62AF2BE0D1980002FA79 /* Project object */;
}
